
Microsoft Visual Studio Solution File, Format Version 12.00
# Visual Studio Version 17
VisualStudioVersion = 17.14.36301.6 d17.14
MinimumVisualStudioVersion = 10.0.40219.1
Project("{FAE04EC0-301F-11D3-BF4B-00C04F79EFBC}") = "Task.5", "Task.5\Task.5.csproj", "{BC5E0491-6340-40E3-B69A-72F72B8A5754}"
EndProject
Project("{FAE04EC0-301F-11D3-BF4B-00C04F79EFBC}") = "Task 6", "Task 6\Task 6.csproj", "{37DFDF47-D2B4-4D7E-9D9C-CBB037180121}"
EndProject
Global
	GlobalSection(SolutionConfigurationPlatforms) = preSolution
		Debug|Any CPU = Debug|Any CPU
		Release|Any CPU = Release|Any CPU
	EndGlobalSection
	GlobalSection(ProjectConfigurationPlatforms) = postSolution
		{BC5E0491-6340-40E3-B69A-72F72B8A5754}.Debug|Any CPU.ActiveCfg = Debug|Any CPU
		{BC5E0491-6340-40E3-B69A-72F72B8A5754}.Debug|Any CPU.Build.0 = Debug|Any CPU
		{BC5E0491-6340-40E3-B69A-72F72B8A5754}.Release|Any CPU.ActiveCfg = Release|Any CPU
		{BC5E0491-6340-40E3-B69A-72F72B8A5754}.Release|Any CPU.Build.0 = Release|Any CPU
		{37DFDF47-D2B4-4D7E-9D9C-CBB037180121}.Debug|Any CPU.ActiveCfg = Debug|Any CPU
		{37DFDF47-D2B4-4D7E-9D9C-CBB037180121}.Debug|Any CPU.Build.0 = Debug|Any CPU
		{37DFDF47-D2B4-4D7E-9D9C-CBB037180121}.Release|Any CPU.ActiveCfg = Release|Any CPU
		{37DFDF47-D2B4-4D7E-9D9C-CBB037180121}.Release|Any CPU.Build.0 = Release|Any CPU
	EndGlobalSection
	GlobalSection(SolutionProperties) = preSolution
		HideSolutionNode = FALSE
	EndGlobalSection
	GlobalSection(ExtensibilityGlobals) = postSolution
		SolutionGuid = {D58E0D14-87D1-4C67-82E7-513523AB38DA}
	EndGlobalSection
EndGlobal
